// !$*UTF8*$!
{
	archiveVersion = 1;
	classes = {
	};
	objectVersion = 56;
	objects = {

/* Begin PBXBuildFile section */
		13BC2CC510F23D2A81C85FC1 /* Pods_Clean_MVP_News.framework in Frameworks */ = {isa = PBXBuildFile; fileRef = 280C0356D98CCE86DBED4B01 /* Pods_Clean_MVP_News.framework */; };
		7C153AAF2A20DE7800F00F42 /* Article.swift in Sources */ = {isa = PBXBuildFile; fileRef = 7C153AAE2A20DE7800F00F42 /* Article.swift */; };
		7C153AB12A20DF8F00F00F42 /* NewsResponse.swift in Sources */ = {isa = PBXBuildFile; fileRef = 7C153AB02A20DF8F00F00F42 /* NewsResponse.swift */; };
		7C153AB52A20E09F00F00F42 /* AlamofireNetworkManager.swift in Sources */ = {isa = PBXBuildFile; fileRef = 7C153AB42A20E09F00F00F42 /* AlamofireNetworkManager.swift */; };
		7C153AB82A20E0AC00F00F42 /* Endpoint.swift in Sources */ = {isa = PBXBuildFile; fileRef = 7C153AB72A20E0AC00F00F42 /* Endpoint.swift */; };
		7C153ABD2A20E55400F00F42 /* BBCNewsEndpoint.swift in Sources */ = {isa = PBXBuildFile; fileRef = 7C153ABC2A20E55400F00F42 /* BBCNewsEndpoint.swift */; };
		7C153ABF2A20E68800F00F42 /* NetworkService.swift in Sources */ = {isa = PBXBuildFile; fileRef = 7C153ABE2A20E68800F00F42 /* NetworkService.swift */; };
		7C153ACB2A20E7F400F00F42 /* NavigationRouter.swift in Sources */ = {isa = PBXBuildFile; fileRef = 7C153ACA2A20E7F400F00F42 /* NavigationRouter.swift */; };
		7C153ACD2A20E7FA00F00F42 /* RouterProtocol.swift in Sources */ = {isa = PBXBuildFile; fileRef = 7C153ACC2A20E7FA00F00F42 /* RouterProtocol.swift */; };
		7C153ACF2A20E80300F00F42 /* StoryboardNavigator.swift in Sources */ = {isa = PBXBuildFile; fileRef = 7C153ACE2A20E80300F00F42 /* StoryboardNavigator.swift */; };
		7C153AD22A20E8E700F00F42 /* HomeViewPresenter.swift in Sources */ = {isa = PBXBuildFile; fileRef = 7C153AD12A20E8E700F00F42 /* HomeViewPresenter.swift */; };
		7C153AD52A20EA1A00F00F42 /* NewsDetailsPresenter.swift in Sources */ = {isa = PBXBuildFile; fileRef = 7C153AD42A20EA1A00F00F42 /* NewsDetailsPresenter.swift */; };
		7C153AD82A20F45B00F00F42 /* NewsType.swift in Sources */ = {isa = PBXBuildFile; fileRef = 7C153AD72A20F45B00F00F42 /* NewsType.swift */; };
		7C153ADA2A20F69800F00F42 /* HomeViewInteractor.swift in Sources */ = {isa = PBXBuildFile; fileRef = 7C153AD92A20F69800F00F42 /* HomeViewInteractor.swift */; };
		7C153ADD2A20F6D300F00F42 /* DatabaseProtocol.swift in Sources */ = {isa = PBXBuildFile; fileRef = 7C153ADC2A20F6D300F00F42 /* DatabaseProtocol.swift */; };
		7C4ADDA729E77FFA00DF3F23 /* AppDelegate.swift in Sources */ = {isa = PBXBuildFile; fileRef = 7C4ADDA629E77FFA00DF3F23 /* AppDelegate.swift */; };
		7C4ADDA929E77FFA00DF3F23 /* SceneDelegate.swift in Sources */ = {isa = PBXBuildFile; fileRef = 7C4ADDA829E77FFA00DF3F23 /* SceneDelegate.swift */; };
		7C4ADDAE29E77FFA00DF3F23 /* Main.storyboard in Resources */ = {isa = PBXBuildFile; fileRef = 7C4ADDAC29E77FFA00DF3F23 /* Main.storyboard */; };
		7C4ADDB029E77FFC00DF3F23 /* Assets.xcassets in Resources */ = {isa = PBXBuildFile; fileRef = 7C4ADDAF29E77FFC00DF3F23 /* Assets.xcassets */; };
		7C4ADDB329E77FFC00DF3F23 /* LaunchScreen.storyboard in Resources */ = {isa = PBXBuildFile; fileRef = 7C4ADDB129E77FFC00DF3F23 /* LaunchScreen.storyboard */; };
		7C4ADDBD29E7805800DF3F23 /* AppStrings.swift in Sources */ = {isa = PBXBuildFile; fileRef = 7C4ADDBC29E7805800DF3F23 /* AppStrings.swift */; };
		7C4ADDBF29E7806100DF3F23 /* AppConstants.swift in Sources */ = {isa = PBXBuildFile; fileRef = 7C4ADDBE29E7806100DF3F23 /* AppConstants.swift */; };
		7C4ADDC429E780B400DF3F23 /* HomeViewController.swift in Sources */ = {isa = PBXBuildFile; fileRef = 7C4ADDC329E780B400DF3F23 /* HomeViewController.swift */; };
		7C4ADDC729E780CD00DF3F23 /* NewsDetailsViewController.swift in Sources */ = {isa = PBXBuildFile; fileRef = 7C4ADDC529E780CD00DF3F23 /* NewsDetailsViewController.swift */; };
		7C4ADDC829E780CD00DF3F23 /* NewsDetailsViewController.xib in Resources */ = {isa = PBXBuildFile; fileRef = 7C4ADDC629E780CD00DF3F23 /* NewsDetailsViewController.xib */; };
/* End PBXBuildFile section */

/* Begin PBXFileReference section */
		258682BBBB3A37F5596AD040 /* Pods-Clean-MVP-News.release.xcconfig */ = {isa = PBXFileReference; includeInIndex = 1; lastKnownFileType = text.xcconfig; name = "Pods-Clean-MVP-News.release.xcconfig"; path = "Target Support Files/Pods-Clean-MVP-News/Pods-Clean-MVP-News.release.xcconfig"; sourceTree = "<group>"; };
		280C0356D98CCE86DBED4B01 /* Pods_Clean_MVP_News.framework */ = {isa = PBXFileReference; explicitFileType = wrapper.framework; includeInIndex = 0; path = Pods_Clean_MVP_News.framework; sourceTree = BUILT_PRODUCTS_DIR; };
		7C153AAE2A20DE7800F00F42 /* Article.swift */ = {isa = PBXFileReference; lastKnownFileType = sourcecode.swift; path = Article.swift; sourceTree = "<group>"; };
		7C153AB02A20DF8F00F00F42 /* NewsResponse.swift */ = {isa = PBXFileReference; lastKnownFileType = sourcecode.swift; path = NewsResponse.swift; sourceTree = "<group>"; };
		7C153AB42A20E09F00F00F42 /* AlamofireNetworkManager.swift */ = {isa = PBXFileReference; lastKnownFileType = sourcecode.swift; path = AlamofireNetworkManager.swift; sourceTree = "<group>"; };
		7C153AB72A20E0AC00F00F42 /* Endpoint.swift */ = {isa = PBXFileReference; lastKnownFileType = sourcecode.swift; path = Endpoint.swift; sourceTree = "<group>"; };
		7C153ABC2A20E55400F00F42 /* BBCNewsEndpoint.swift */ = {isa = PBXFileReference; lastKnownFileType = sourcecode.swift; path = BBCNewsEndpoint.swift; sourceTree = "<group>"; };
		7C153ABE2A20E68800F00F42 /* NetworkService.swift */ = {isa = PBXFileReference; lastKnownFileType = sourcecode.swift; path = NetworkService.swift; sourceTree = "<group>"; };
		7C153ACA2A20E7F400F00F42 /* NavigationRouter.swift */ = {isa = PBXFileReference; lastKnownFileType = sourcecode.swift; path = NavigationRouter.swift; sourceTree = "<group>"; };
		7C153ACC2A20E7FA00F00F42 /* RouterProtocol.swift */ = {isa = PBXFileReference; lastKnownFileType = sourcecode.swift; path = RouterProtocol.swift; sourceTree = "<group>"; };
		7C153ACE2A20E80300F00F42 /* StoryboardNavigator.swift */ = {isa = PBXFileReference; lastKnownFileType = sourcecode.swift; path = StoryboardNavigator.swift; sourceTree = "<group>"; };
		7C153AD12A20E8E700F00F42 /* HomeViewPresenter.swift */ = {isa = PBXFileReference; lastKnownFileType = sourcecode.swift; path = HomeViewPresenter.swift; sourceTree = "<group>"; };
		7C153AD42A20EA1A00F00F42 /* NewsDetailsPresenter.swift */ = {isa = PBXFileReference; lastKnownFileType = sourcecode.swift; path = NewsDetailsPresenter.swift; sourceTree = "<group>"; };
		7C153AD72A20F45B00F00F42 /* NewsType.swift */ = {isa = PBXFileReference; lastKnownFileType = sourcecode.swift; path = NewsType.swift; sourceTree = "<group>"; };
		7C153AD92A20F69800F00F42 /* HomeViewInteractor.swift */ = {isa = PBXFileReference; lastKnownFileType = sourcecode.swift; path = HomeViewInteractor.swift; sourceTree = "<group>"; };
		7C153ADC2A20F6D300F00F42 /* DatabaseProtocol.swift */ = {isa = PBXFileReference; lastKnownFileType = sourcecode.swift; path = DatabaseProtocol.swift; sourceTree = "<group>"; };
		7C4ADDA329E77FFA00DF3F23 /* Clean-MVP-News.app */ = {isa = PBXFileReference; explicitFileType = wrapper.application; includeInIndex = 0; path = "Clean-MVP-News.app"; sourceTree = BUILT_PRODUCTS_DIR; };
		7C4ADDA629E77FFA00DF3F23 /* AppDelegate.swift */ = {isa = PBXFileReference; lastKnownFileType = sourcecode.swift; path = AppDelegate.swift; sourceTree = "<group>"; };
		7C4ADDA829E77FFA00DF3F23 /* SceneDelegate.swift */ = {isa = PBXFileReference; lastKnownFileType = sourcecode.swift; path = SceneDelegate.swift; sourceTree = "<group>"; };
		7C4ADDAD29E77FFA00DF3F23 /* Base */ = {isa = PBXFileReference; lastKnownFileType = file.storyboard; name = Base; path = Base.lproj/Main.storyboard; sourceTree = "<group>"; };
		7C4ADDAF29E77FFC00DF3F23 /* Assets.xcassets */ = {isa = PBXFileReference; lastKnownFileType = folder.assetcatalog; path = Assets.xcassets; sourceTree = "<group>"; };
		7C4ADDB229E77FFC00DF3F23 /* Base */ = {isa = PBXFileReference; lastKnownFileType = file.storyboard; name = Base; path = Base.lproj/LaunchScreen.storyboard; sourceTree = "<group>"; };
		7C4ADDB429E77FFC00DF3F23 /* Info.plist */ = {isa = PBXFileReference; lastKnownFileType = text.plist.xml; path = Info.plist; sourceTree = "<group>"; };
		7C4ADDBC29E7805800DF3F23 /* AppStrings.swift */ = {isa = PBXFileReference; lastKnownFileType = sourcecode.swift; path = AppStrings.swift; sourceTree = "<group>"; };
		7C4ADDBE29E7806100DF3F23 /* AppConstants.swift */ = {isa = PBXFileReference; lastKnownFileType = sourcecode.swift; path = AppConstants.swift; sourceTree = "<group>"; };
		7C4ADDC329E780B400DF3F23 /* HomeViewController.swift */ = {isa = PBXFileReference; lastKnownFileType = sourcecode.swift; path = HomeViewController.swift; sourceTree = "<group>"; };
		7C4ADDC529E780CD00DF3F23 /* NewsDetailsViewController.swift */ = {isa = PBXFileReference; lastKnownFileType = sourcecode.swift; path = NewsDetailsViewController.swift; sourceTree = "<group>"; };
		7C4ADDC629E780CD00DF3F23 /* NewsDetailsViewController.xib */ = {isa = PBXFileReference; lastKnownFileType = file.xib; path = NewsDetailsViewController.xib; sourceTree = "<group>"; };
		8336927A89D0D16B2D0D29F4 /* Pods-Clean-MVP-News.debug.xcconfig */ = {isa = PBXFileReference; includeInIndex = 1; lastKnownFileType = text.xcconfig; name = "Pods-Clean-MVP-News.debug.xcconfig"; path = "Target Support Files/Pods-Clean-MVP-News/Pods-Clean-MVP-News.debug.xcconfig"; sourceTree = "<group>"; };
/* End PBXFileReference section */

/* Begin PBXFrameworksBuildPhase section */
		7C4ADDA029E77FFA00DF3F23 /* Frameworks */ = {
			isa = PBXFrameworksBuildPhase;
			buildActionMask = 2147483647;
			files = (
				13BC2CC510F23D2A81C85FC1 /* Pods_Clean_MVP_News.framework in Frameworks */,
			);
			runOnlyForDeploymentPostprocessing = 0;
		};
/* End PBXFrameworksBuildPhase section */

/* Begin PBXGroup section */
		7C153AAB2A20DDFE00F00F42 /* Navigation */ = {
			isa = PBXGroup;
			children = (
				7C153ACA2A20E7F400F00F42 /* NavigationRouter.swift */,
				7C153ACC2A20E7FA00F00F42 /* RouterProtocol.swift */,
				7C153ACE2A20E80300F00F42 /* StoryboardNavigator.swift */,
			);
			path = Navigation;
			sourceTree = "<group>";
		};
		7C153AAC2A20DE6500F00F42 /* Domain */ = {
			isa = PBXGroup;
			children = (
				7C153AAD2A20DE6900F00F42 /* Entities */,
			);
			path = Domain;
			sourceTree = "<group>";
		};
		7C153AAD2A20DE6900F00F42 /* Entities */ = {
			isa = PBXGroup;
			children = (
				7C153AB02A20DF8F00F00F42 /* NewsResponse.swift */,
				7C153AAE2A20DE7800F00F42 /* Article.swift */,
			);
			path = Entities;
			sourceTree = "<group>";
		};
		7C153AB22A20E09400F00F42 /* Network */ = {
			isa = PBXGroup;
			children = (
				7C153AB62A20E0A300F00F42 /* Protocols */,
				7C153AB92A20E11700F00F42 /* Endpoints */,
				7C153AB42A20E09F00F00F42 /* AlamofireNetworkManager.swift */,
			);
			path = Network;
			sourceTree = "<group>";
		};
		7C153AB32A20E09600F00F42 /* Database */ = {
			isa = PBXGroup;
			children = (
				7C153ADB2A20F6CC00F00F42 /* Protocols */,
			);
			path = Database;
			sourceTree = "<group>";
		};
		7C153AB62A20E0A300F00F42 /* Protocols */ = {
			isa = PBXGroup;
			children = (
				7C153AB72A20E0AC00F00F42 /* Endpoint.swift */,
				7C153ABE2A20E68800F00F42 /* NetworkService.swift */,
			);
			path = Protocols;
			sourceTree = "<group>";
		};
		7C153AB92A20E11700F00F42 /* Endpoints */ = {
			isa = PBXGroup;
			children = (
				7C153ABC2A20E55400F00F42 /* BBCNewsEndpoint.swift */,
			);
			path = Endpoints;
			sourceTree = "<group>";
		};
		7C153AD02A20E8D900F00F42 /* Views */ = {
			isa = PBXGroup;
			children = (
				7C4ADDC329E780B400DF3F23 /* HomeViewController.swift */,
			);
			path = Views;
			sourceTree = "<group>";
		};
		7C153AD32A20EA0B00F00F42 /* Views */ = {
			isa = PBXGroup;
			children = (
				7C4ADDC529E780CD00DF3F23 /* NewsDetailsViewController.swift */,
			);
			path = Views;
			sourceTree = "<group>";
		};
		7C153AD62A20F44D00F00F42 /* Helpers */ = {
			isa = PBXGroup;
			children = (
				7C153AD72A20F45B00F00F42 /* NewsType.swift */,
			);
			path = Helpers;
			sourceTree = "<group>";
		};
		7C153ADB2A20F6CC00F00F42 /* Protocols */ = {
			isa = PBXGroup;
			children = (
				7C153ADC2A20F6D300F00F42 /* DatabaseProtocol.swift */,
			);
			path = Protocols;
			sourceTree = "<group>";
		};
		7C4ADD9A29E77FFA00DF3F23 = {
			isa = PBXGroup;
			children = (
				7C4ADDA529E77FFA00DF3F23 /* Clean-MVP-News */,
				7C4ADDA429E77FFA00DF3F23 /* Products */,
				D6E61EB4C870D8791E170608 /* Pods */,
				F789B309869ED698D46D1F70 /* Frameworks */,
			);
			sourceTree = "<group>";
		};
		7C4ADDA429E77FFA00DF3F23 /* Products */ = {
			isa = PBXGroup;
			children = (
				7C4ADDA329E77FFA00DF3F23 /* Clean-MVP-News.app */,
			);
			name = Products;
			sourceTree = "<group>";
		};
		7C4ADDA529E77FFA00DF3F23 /* Clean-MVP-News */ = {
			isa = PBXGroup;
			children = (
				7C153AD62A20F44D00F00F42 /* Helpers */,
				7C153AAC2A20DE6500F00F42 /* Domain */,
				7C4ADDBB29E7804E00DF3F23 /* Utilities */,
				7C4ADDBA29E7800E00DF3F23 /* Core */,
				7C4ADDC929E7811700DF3F23 /* Services */,
				7C153AAB2A20DDFE00F00F42 /* Navigation */,
				7C4ADDC029E7807B00DF3F23 /* Scenes */,
				7C4ADDAF29E77FFC00DF3F23 /* Assets.xcassets */,
				7C4ADDB429E77FFC00DF3F23 /* Info.plist */,
			);
			path = "Clean-MVP-News";
			sourceTree = "<group>";
		};
		7C4ADDBA29E7800E00DF3F23 /* Core */ = {
			isa = PBXGroup;
			children = (
				7C4ADDB129E77FFC00DF3F23 /* LaunchScreen.storyboard */,
				7C4ADDA629E77FFA00DF3F23 /* AppDelegate.swift */,
				7C4ADDA829E77FFA00DF3F23 /* SceneDelegate.swift */,
			);
			path = Core;
			sourceTree = "<group>";
		};
		7C4ADDBB29E7804E00DF3F23 /* Utilities */ = {
			isa = PBXGroup;
			children = (
				7C4ADDBC29E7805800DF3F23 /* AppStrings.swift */,
				7C4ADDBE29E7806100DF3F23 /* AppConstants.swift */,
			);
			path = Utilities;
			sourceTree = "<group>";
		};
		7C4ADDC029E7807B00DF3F23 /* Scenes */ = {
			isa = PBXGroup;
			children = (
				7C4ADDC229E7809000DF3F23 /* NewsDetails */,
				7C4ADDC129E7808A00DF3F23 /* Home */,
			);
			path = Scenes;
			sourceTree = "<group>";
		};
		7C4ADDC129E7808A00DF3F23 /* Home */ = {
			isa = PBXGroup;
			children = (
				7C4ADDAC29E77FFA00DF3F23 /* Main.storyboard */,
				7C153AD02A20E8D900F00F42 /* Views */,
				7C153AD12A20E8E700F00F42 /* HomeViewPresenter.swift */,
				7C153AD92A20F69800F00F42 /* HomeViewInteractor.swift */,
			);
			path = Home;
			sourceTree = "<group>";
		};
		7C4ADDC229E7809000DF3F23 /* NewsDetails */ = {
			isa = PBXGroup;
			children = (
				7C4ADDC629E780CD00DF3F23 /* NewsDetailsViewController.xib */,
				7C153AD32A20EA0B00F00F42 /* Views */,
				7C153AD42A20EA1A00F00F42 /* NewsDetailsPresenter.swift */,
			);
			path = NewsDetails;
			sourceTree = "<group>";
		};
		7C4ADDC929E7811700DF3F23 /* Services */ = {
			isa = PBXGroup;
			children = (
				7C153AB32A20E09600F00F42 /* Database */,
				7C153AB22A20E09400F00F42 /* Network */,
			);
			path = Services;
			sourceTree = "<group>";
		};
		D6E61EB4C870D8791E170608 /* Pods */ = {
			isa = PBXGroup;
			children = (
				8336927A89D0D16B2D0D29F4 /* Pods-Clean-MVP-News.debug.xcconfig */,
				258682BBBB3A37F5596AD040 /* Pods-Clean-MVP-News.release.xcconfig */,
			);
			path = Pods;
			sourceTree = "<group>";
		};
		F789B309869ED698D46D1F70 /* Frameworks */ = {
			isa = PBXGroup;
			children = (
				280C0356D98CCE86DBED4B01 /* Pods_Clean_MVP_News.framework */,
			);
			name = Frameworks;
			sourceTree = "<group>";
		};
/* End PBXGroup section */

/* Begin PBXNativeTarget section */
		7C4ADDA229E77FFA00DF3F23 /* Clean-MVP-News */ = {
			isa = PBXNativeTarget;
			buildConfigurationList = 7C4ADDB729E77FFC00DF3F23 /* Build configuration list for PBXNativeTarget "Clean-MVP-News" */;
			buildPhases = (
				4C71F8DAA062DEFA31373EB2 /* [CP] Check Pods Manifest.lock */,
				7C4ADD9F29E77FFA00DF3F23 /* Sources */,
				7C4ADDA029E77FFA00DF3F23 /* Frameworks */,
				7C4ADDA129E77FFA00DF3F23 /* Resources */,
				741478F8BCE534DEA10D940C /* [CP] Embed Pods Frameworks */,
			);
			buildRules = (
			);
			dependencies = (
			);
			name = "Clean-MVP-News";
			productName = "Clean-MVP-News";
			productReference = 7C4ADDA329E77FFA00DF3F23 /* Clean-MVP-News.app */;
			productType = "com.apple.product-type.application";
		};
/* End PBXNativeTarget section */

/* Begin PBXProject section */
		7C4ADD9B29E77FFA00DF3F23 /* Project object */ = {
			isa = PBXProject;
			attributes = {
				BuildIndependentTargetsInParallel = 1;
				LastSwiftUpdateCheck = 1430;
				LastUpgradeCheck = 1430;
				TargetAttributes = {
					7C4ADDA229E77FFA00DF3F23 = {
						CreatedOnToolsVersion = 14.3;
					};
				};
			};
			buildConfigurationList = 7C4ADD9E29E77FFA00DF3F23 /* Build configuration list for PBXProject "Clean-MVP-News" */;
			compatibilityVersion = "Xcode 14.0";
			developmentRegion = en;
			hasScannedForEncodings = 0;
			knownRegions = (
				en,
				Base,
			);
			mainGroup = 7C4ADD9A29E77FFA00DF3F23;
			productRefGroup = 7C4ADDA429E77FFA00DF3F23 /* Products */;
			projectDirPath = "";
			projectRoot = "";
			targets = (
				7C4ADDA229E77FFA00DF3F23 /* Clean-MVP-News */,
			);
		};
/* End PBXProject section */

/* Begin PBXResourcesBuildPhase section */
		7C4ADDA129E77FFA00DF3F23 /* Resources */ = {
			isa = PBXResourcesBuildPhase;
			buildActionMask = 2147483647;
			files = (
				7C4ADDC829E780CD00DF3F23 /* NewsDetailsViewController.xib in Resources */,
				7C4ADDB329E77FFC00DF3F23 /* LaunchScreen.storyboard in Resources */,
				7C4ADDB029E77FFC00DF3F23 /* Assets.xcassets in Resources */,
				7C4ADDAE29E77FFA00DF3F23 /* Main.storyboard in Resources */,
			);
			runOnlyForDeploymentPostprocessing = 0;
		};
/* End PBXResourcesBuildPhase section */

/* Begin PBXShellScriptBuildPhase section */
		4C71F8DAA062DEFA31373EB2 /* [CP] Check Pods Manifest.lock */ = {
			isa = PBXShellScriptBuildPhase;
			buildActionMask = 2147483647;
			files = (
			);
			inputFileListPaths = (
			);
			inputPaths = (
				"${PODS_PODFILE_DIR_PATH}/Podfile.lock",
				"${PODS_ROOT}/Manifest.lock",
			);
			name = "[CP] Check Pods Manifest.lock";
			outputFileListPaths = (
			);
			outputPaths = (
				"$(DERIVED_FILE_DIR)/Pods-Clean-MVP-News-checkManifestLockResult.txt",
			);
			runOnlyForDeploymentPostprocessing = 0;
			shellPath = /bin/sh;
			shellScript = "diff \"${PODS_PODFILE_DIR_PATH}/Podfile.lock\" \"${PODS_ROOT}/Manifest.lock\" > /dev/null\nif [ $? != 0 ] ; then\n    # print error to STDERR\n    echo \"error: The sandbox is not in sync with the Podfile.lock. Run 'pod install' or update your CocoaPods installation.\" >&2\n    exit 1\nfi\n# This output is used by Xcode 'outputs' to avoid re-running this script phase.\necho \"SUCCESS\" > \"${SCRIPT_OUTPUT_FILE_0}\"\n";
			showEnvVarsInLog = 0;
		};
		741478F8BCE534DEA10D940C /* [CP] Embed Pods Frameworks */ = {
			isa = PBXShellScriptBuildPhase;
			buildActionMask = 2147483647;
			files = (
			);
			inputFileListPaths = (
				"${PODS_ROOT}/Target Support Files/Pods-Clean-MVP-News/Pods-Clean-MVP-News-frameworks-${CONFIGURATION}-input-files.xcfilelist",
			);
			name = "[CP] Embed Pods Frameworks";
			outputFileListPaths = (
				"${PODS_ROOT}/Target Support Files/Pods-Clean-MVP-News/Pods-Clean-MVP-News-frameworks-${CONFIGURATION}-output-files.xcfilelist",
			);
			runOnlyForDeploymentPostprocessing = 0;
			shellPath = /bin/sh;
			shellScript = "\"${PODS_ROOT}/Target Support Files/Pods-Clean-MVP-News/Pods-Clean-MVP-News-frameworks.sh\"\n";
			showEnvVarsInLog = 0;
		};
/* End PBXShellScriptBuildPhase section */

/* Begin PBXSourcesBuildPhase section */
		7C4ADD9F29E77FFA00DF3F23 /* Sources */ = {
			isa = PBXSourcesBuildPhase;
			buildActionMask = 2147483647;
			files = (
				7C153AAF2A20DE7800F00F42 /* Article.swift in Sources */,
				7C153AB12A20DF8F00F00F42 /* NewsResponse.swift in Sources */,
				7C4ADDC729E780CD00DF3F23 /* NewsDetailsViewController.swift in Sources */,
				7C4ADDC429E780B400DF3F23 /* HomeViewController.swift in Sources */,
				7C153ADD2A20F6D300F00F42 /* DatabaseProtocol.swift in Sources */,
				7C153AB82A20E0AC00F00F42 /* Endpoint.swift in Sources */,
				7C4ADDA729E77FFA00DF3F23 /* AppDelegate.swift in Sources */,
				7C4ADDBD29E7805800DF3F23 /* AppStrings.swift in Sources */,
				7C153AB52A20E09F00F00F42 /* AlamofireNetworkManager.swift in Sources */,
				7C153ACD2A20E7FA00F00F42 /* RouterProtocol.swift in Sources */,
				7C153AD52A20EA1A00F00F42 /* NewsDetailsPresenter.swift in Sources */,
				7C153ABD2A20E55400F00F42 /* BBCNewsEndpoint.swift in Sources */,
				7C4ADDA929E77FFA00DF3F23 /* SceneDelegate.swift in Sources */,
				7C153ACF2A20E80300F00F42 /* StoryboardNavigator.swift in Sources */,
				7C153ACB2A20E7F400F00F42 /* NavigationRouter.swift in Sources */,
				7C153ABF2A20E68800F00F42 /* NetworkService.swift in Sources */,
				7C153AD22A20E8E700F00F42 /* HomeViewPresenter.swift in Sources */,
				7C153ADA2A20F69800F00F42 /* HomeViewInteractor.swift in Sources */,
				7C153AD82A20F45B00F00F42 /* NewsType.swift in Sources */,
				7C4ADDBF29E7806100DF3F23 /* AppConstants.swift in Sources */,
			);
			runOnlyForDeploymentPostprocessing = 0;
		};
/* End PBXSourcesBuildPhase section */

/* Begin PBXVariantGroup section */
		7C4ADDAC29E77FFA00DF3F23 /* Main.storyboard */ = {
			isa = PBXVariantGroup;
			children = (
				7C4ADDAD29E77FFA00DF3F23 /* Base */,
			);
			name = Main.storyboard;
			sourceTree = "<group>";
		};
		7C4ADDB129E77FFC00DF3F23 /* LaunchScreen.storyboard */ = {
			isa = PBXVariantGroup;
			children = (
				7C4ADDB229E77FFC00DF3F23 /* Base */,
			);
			name = LaunchScreen.storyboard;
			sourceTree = "<group>";
		};
/* End PBXVariantGroup section */

/* Begin XCBuildConfiguration section */
		7C4ADDB529E77FFC00DF3F23 /* Debug */ = {
			isa = XCBuildConfiguration;
			buildSettings = {
				ALWAYS_SEARCH_USER_PATHS = NO;
				CLANG_ANALYZER_NONNULL = YES;
				CLANG_ANALYZER_NUMBER_OBJECT_CONVERSION = YES_AGGRESSIVE;
				CLANG_CXX_LANGUAGE_STANDARD = "gnu++20";
				CLANG_ENABLE_MODULES = YES;
				CLANG_ENABLE_OBJC_ARC = YES;
				CLANG_ENABLE_OBJC_WEAK = YES;
				CLANG_WARN_BLOCK_CAPTURE_AUTORELEASING = YES;
				CLANG_WARN_BOOL_CONVERSION = YES;
				CLANG_WARN_COMMA = YES;
				CLANG_WARN_CONSTANT_CONVERSION = YES;
				CLANG_WARN_DEPRECATED_OBJC_IMPLEMENTATIONS = YES;
				CLANG_WARN_DIRECT_OBJC_ISA_USAGE = YES_ERROR;
				CLANG_WARN_DOCUMENTATION_COMMENTS = YES;
				CLANG_WARN_EMPTY_BODY = YES;
				CLANG_WARN_ENUM_CONVERSION = YES;
				CLANG_WARN_INFINITE_RECURSION = YES;
				CLANG_WARN_INT_CONVERSION = YES;
				CLANG_WARN_NON_LITERAL_NULL_CONVERSION = YES;
				CLANG_WARN_OBJC_IMPLICIT_RETAIN_SELF = YES;
				CLANG_WARN_OBJC_LITERAL_CONVERSION = YES;
				CLANG_WARN_OBJC_ROOT_CLASS = YES_ERROR;
				CLANG_WARN_QUOTED_INCLUDE_IN_FRAMEWORK_HEADER = YES;
				CLANG_WARN_RANGE_LOOP_ANALYSIS = YES;
				CLANG_WARN_STRICT_PROTOTYPES = YES;
				CLANG_WARN_SUSPICIOUS_MOVE = YES;
				CLANG_WARN_UNGUARDED_AVAILABILITY = YES_AGGRESSIVE;
				CLANG_WARN_UNREACHABLE_CODE = YES;
				CLANG_WARN__DUPLICATE_METHOD_MATCH = YES;
				COPY_PHASE_STRIP = NO;
				DEBUG_INFORMATION_FORMAT = dwarf;
				ENABLE_STRICT_OBJC_MSGSEND = YES;
				ENABLE_TESTABILITY = YES;
				GCC_C_LANGUAGE_STANDARD = gnu11;
				GCC_DYNAMIC_NO_PIC = NO;
				GCC_NO_COMMON_BLOCKS = YES;
				GCC_OPTIMIZATION_LEVEL = 0;
				GCC_PREPROCESSOR_DEFINITIONS = (
					"DEBUG=1",
					"$(inherited)",
				);
				GCC_WARN_64_TO_32_BIT_CONVERSION = YES;
				GCC_WARN_ABOUT_RETURN_TYPE = YES_ERROR;
				GCC_WARN_UNDECLARED_SELECTOR = YES;
				GCC_WARN_UNINITIALIZED_AUTOS = YES_AGGRESSIVE;
				GCC_WARN_UNUSED_FUNCTION = YES;
				GCC_WARN_UNUSED_VARIABLE = YES;
				IPHONEOS_DEPLOYMENT_TARGET = 16.4;
				MTL_ENABLE_DEBUG_INFO = INCLUDE_SOURCE;
				MTL_FAST_MATH = YES;
				ONLY_ACTIVE_ARCH = YES;
				SDKROOT = iphoneos;
				SWIFT_ACTIVE_COMPILATION_CONDITIONS = DEBUG;
				SWIFT_OPTIMIZATION_LEVEL = "-Onone";
			};
			name = Debug;
		};
		7C4ADDB629E77FFC00DF3F23 /* Release */ = {
			isa = XCBuildConfiguration;
			buildSettings = {
				ALWAYS_SEARCH_USER_PATHS = NO;
				CLANG_ANALYZER_NONNULL = YES;
				CLANG_ANALYZER_NUMBER_OBJECT_CONVERSION = YES_AGGRESSIVE;
				CLANG_CXX_LANGUAGE_STANDARD = "gnu++20";
				CLANG_ENABLE_MODULES = YES;
				CLANG_ENABLE_OBJC_ARC = YES;
				CLANG_ENABLE_OBJC_WEAK = YES;
				CLANG_WARN_BLOCK_CAPTURE_AUTORELEASING = YES;
				CLANG_WARN_BOOL_CONVERSION = YES;
				CLANG_WARN_COMMA = YES;
				CLANG_WARN_CONSTANT_CONVERSION = YES;
				CLANG_WARN_DEPRECATED_OBJC_IMPLEMENTATIONS = YES;
				CLANG_WARN_DIRECT_OBJC_ISA_USAGE = YES_ERROR;
				CLANG_WARN_DOCUMENTATION_COMMENTS = YES;
				CLANG_WARN_EMPTY_BODY = YES;
				CLANG_WARN_ENUM_CONVERSION = YES;
				CLANG_WARN_INFINITE_RECURSION = YES;
				CLANG_WARN_INT_CONVERSION = YES;
				CLANG_WARN_NON_LITERAL_NULL_CONVERSION = YES;
				CLANG_WARN_OBJC_IMPLICIT_RETAIN_SELF = YES;
				CLANG_WARN_OBJC_LITERAL_CONVERSION = YES;
				CLANG_WARN_OBJC_ROOT_CLASS = YES_ERROR;
				CLANG_WARN_QUOTED_INCLUDE_IN_FRAMEWORK_HEADER = YES;
				CLANG_WARN_RANGE_LOOP_ANALYSIS = YES;
				CLANG_WARN_STRICT_PROTOTYPES = YES;
				CLANG_WARN_SUSPICIOUS_MOVE = YES;
				CLANG_WARN_UNGUARDED_AVAILABILITY = YES_AGGRESSIVE;
				CLANG_WARN_UNREACHABLE_CODE = YES;
				CLANG_WARN__DUPLICATE_METHOD_MATCH = YES;
				COPY_PHASE_STRIP = NO;
				DEBUG_INFORMATION_FORMAT = "dwarf-with-dsym";
				ENABLE_NS_ASSERTIONS = NO;
				ENABLE_STRICT_OBJC_MSGSEND = YES;
				GCC_C_LANGUAGE_STANDARD = gnu11;
				GCC_NO_COMMON_BLOCKS = YES;
				GCC_WARN_64_TO_32_BIT_CONVERSION = YES;
				GCC_WARN_ABOUT_RETURN_TYPE = YES_ERROR;
				GCC_WARN_UNDECLARED_SELECTOR = YES;
				GCC_WARN_UNINITIALIZED_AUTOS = YES_AGGRESSIVE;
				GCC_WARN_UNUSED_FUNCTION = YES;
				GCC_WARN_UNUSED_VARIABLE = YES;
				IPHONEOS_DEPLOYMENT_TARGET = 16.4;
				MTL_ENABLE_DEBUG_INFO = NO;
				MTL_FAST_MATH = YES;
				SDKROOT = iphoneos;
				SWIFT_COMPILATION_MODE = wholemodule;
				SWIFT_OPTIMIZATION_LEVEL = "-O";
				VALIDATE_PRODUCT = YES;
			};
			name = Release;
		};
		7C4ADDB829E77FFC00DF3F23 /* Debug */ = {
			isa = XCBuildConfiguration;
			baseConfigurationReference = 8336927A89D0D16B2D0D29F4 /* Pods-Clean-MVP-News.debug.xcconfig */;
			buildSettings = {
				ASSETCATALOG_COMPILER_APPICON_NAME = AppIcon;
				ASSETCATALOG_COMPILER_GLOBAL_ACCENT_COLOR_NAME = AccentColor;
				CODE_SIGN_STYLE = Automatic;
				CURRENT_PROJECT_VERSION = 1;
				DEVELOPMENT_TEAM = NF6L68DRU6;
				GENERATE_INFOPLIST_FILE = YES;
				INFOPLIST_FILE = "Clean-MVP-News/Info.plist";
				INFOPLIST_KEY_UIApplicationSupportsIndirectInputEvents = YES;
				INFOPLIST_KEY_UILaunchStoryboardName = LaunchScreen;
				INFOPLIST_KEY_UIMainStoryboardFile = Main;
				INFOPLIST_KEY_UISupportedInterfaceOrientations = UIInterfaceOrientationPortrait;
				INFOPLIST_KEY_UISupportedInterfaceOrientations_iPad = "UIInterfaceOrientationLandscapeLeft UIInterfaceOrientationLandscapeRight UIInterfaceOrientationPortrait UIInterfaceOrientationPortraitUpsideDown";
				IPHONEOS_DEPLOYMENT_TARGET = 13.0;
				LD_RUNPATH_SEARCH_PATHS = (
					"$(inherited)",
					"@executable_path/Frameworks",
				);
				MARKETING_VERSION = 1.0;
				PRODUCT_BUNDLE_IDENTIFIER = "iNoor.Clean-MVP-News";
				PRODUCT_NAME = "$(TARGET_NAME)";
				SWIFT_EMIT_LOC_STRINGS = YES;
				SWIFT_VERSION = 5.0;
				TARGETED_DEVICE_FAMILY = "1,2";
			};
			name = Debug;
		};
		7C4ADDB929E77FFC00DF3F23 /* Release */ = {
			isa = XCBuildConfiguration;
			baseConfigurationReference = 258682BBBB3A37F5596AD040 /* Pods-Clean-MVP-News.release.xcconfig */;
			buildSettings = {
				ASSETCATALOG_COMPILER_APPICON_NAME = AppIcon;
				ASSETCATALOG_COMPILER_GLOBAL_ACCENT_COLOR_NAME = AccentColor;
				CODE_SIGN_STYLE = Automatic;
				CURRENT_PROJECT_VERSION = 1;
				DEVELOPMENT_TEAM = NF6L68DRU6;
				GENERATE_INFOPLIST_FILE = YES;
				INFOPLIST_FILE = "Clean-MVP-News/Info.plist";
				INFOPLIST_KEY_UIApplicationSupportsIndirectInputEvents = YES;
				INFOPLIST_KEY_UILaunchStoryboardName = LaunchScreen;
				INFOPLIST_KEY_UIMainStoryboardFile = Main;
				INFOPLIST_KEY_UISupportedInterfaceOrientations = UIInterfaceOrientationPortrait;
				INFOPLIST_KEY_UISupportedInterfaceOrientations_iPad = "UIInterfaceOrientationLandscapeLeft UIInterfaceOrientationLandscapeRight UIInterfaceOrientationPortrait UIInterfaceOrientationPortraitUpsideDown";
				IPHONEOS_DEPLOYMENT_TARGET = 13.0;
				LD_RUNPATH_SEARCH_PATHS = (
					"$(inherited)",
					"@executable_path/Frameworks",
				);
				MARKETING_VERSION = 1.0;
				PRODUCT_BUNDLE_IDENTIFIER = "iNoor.Clean-MVP-News";
				PRODUCT_NAME = "$(TARGET_NAME)";
				SWIFT_EMIT_LOC_STRINGS = YES;
				SWIFT_VERSION = 5.0;
				TARGETED_DEVICE_FAMILY = "1,2";
			};
			name = Release;
		};
/* End XCBuildConfiguration section */

/* Begin XCConfigurationList section */
		7C4ADD9E29E77FFA00DF3F23 /* Build configuration list for PBXProject "Clean-MVP-News" */ = {
			isa = XCConfigurationList;
			buildConfigurations = (
				7C4ADDB529E77FFC00DF3F23 /* Debug */,
				7C4ADDB629E77FFC00DF3F23 /* Release */,
			);
			defaultConfigurationIsVisible = 0;
			defaultConfigurationName = Release;
		};
		7C4ADDB729E77FFC00DF3F23 /* Build configuration list for PBXNativeTarget "Clean-MVP-News" */ = {
			isa = XCConfigurationList;
			buildConfigurations = (
				7C4ADDB829E77FFC00DF3F23 /* Debug */,
				7C4ADDB929E77FFC00DF3F23 /* Release */,
			);
			defaultConfigurationIsVisible = 0;
			defaultConfigurationName = Release;
		};
/* End XCConfigurationList section */
	};
	rootObject = 7C4ADD9B29E77FFA00DF3F23 /* Project object */;
}
